
Microsoft Visual Studio Solution File, Format Version 12.00
# Visual Studio Version 17
VisualStudioVersion = 17.5.33502.453
MinimumVisualStudioVersion = 10.0.40219.1
Project("{FAE04EC0-301F-11D3-BF4B-00C04F79EFBC}") = "ConsoleApp2", "ConsoleApp2\ConsoleApp2.csproj", "{BD47DF6D-B731-47C3-8454-BBF71F7CEB22}"
EndProject
Global
	GlobalSection(SolutionConfigurationPlatforms) = preSolution
		Debug|Any CPU = Debug|Any CPU
		Release|Any CPU = Release|Any CPU
	EndGlobalSection
	GlobalSection(ProjectConfigurationPlatforms) = postSolution
		{BD47DF6D-B731-47C3-8454-BBF71F7CEB22}.Debug|Any CPU.ActiveCfg = Debug|Any CPU
		{BD47DF6D-B731-47C3-8454-BBF71F7CEB22}.Debug|Any CPU.Build.0 = Debug|Any CPU
		{BD47DF6D-B731-47C3-8454-BBF71F7CEB22}.Release|Any CPU.ActiveCfg = Release|Any CPU
		{BD47DF6D-B731-47C3-8454-BBF71F7CEB22}.Release|Any CPU.Build.0 = Release|Any CPU
	EndGlobalSection
	GlobalSection(SolutionProperties) = preSolution
		HideSolutionNode = FALSE
	EndGlobalSection
	GlobalSection(ExtensibilityGlobals) = postSolution
		SolutionGuid = {1244850F-329D-4537-ADEC-1B030DC52A8F}
	EndGlobalSection
EndGlobal
